# THIS IS AN AUTOGENERATED FILE. DO NOT EDIT THIS FILE DIRECTLY.
# yarn lockfile v1


xhr2@0.2.1:
  version "0.2.1"
  resolved "https://registry.yarnpkg.com/xhr2/-/xhr2-0.2.1.tgz#4e73adc4f9cfec9cbd2157f73efdce3a5f108a93"
  integrity sha512-sID0rrVCqkVNUn8t6xuv9+6FViXjUVXq8H5rWOH2rz9fDNQEd4g0EA2XlcEdJXRz5BMEn4O1pJFdT+z4YHhoWw==
